
Microsoft Visual Studio Solution File, Format Version 12.00
# Visual Studio Version 16
VisualStudioVersion = 16.0.33214.272
MinimumVisualStudioVersion = 10.0.40219.1
Project("{FAE04EC0-301F-11D3-BF4B-00C04F79EFBC}") = "QuilgoAssesment", "QuilgoAssesment\QuilgoAssesment.csproj", "{DF38CA40-4283-4D48-9D00-C86FFC69A720}"
EndProject
Global
	GlobalSection(SolutionConfigurationPlatforms) = preSolution
		Debug|Any CPU = Debug|Any CPU
		Release|Any CPU = Release|Any CPU
	EndGlobalSection
	GlobalSection(ProjectConfigurationPlatforms) = postSolution
		{DF38CA40-4283-4D48-9D00-C86FFC69A720}.Debug|Any CPU.ActiveCfg = Debug|Any CPU
		{DF38CA40-4283-4D48-9D00-C86FFC69A720}.Debug|Any CPU.Build.0 = Debug|Any CPU
		{DF38CA40-4283-4D48-9D00-C86FFC69A720}.Release|Any CPU.ActiveCfg = Release|Any CPU
		{DF38CA40-4283-4D48-9D00-C86FFC69A720}.Release|Any CPU.Build.0 = Release|Any CPU
	EndGlobalSection
	GlobalSection(SolutionProperties) = preSolution
		HideSolutionNode = FALSE
	EndGlobalSection
	GlobalSection(ExtensibilityGlobals) = postSolution
		SolutionGuid = {23E198BE-D6B7-446E-84F2-2AF02FDF0179}
	EndGlobalSection
EndGlobal
